
Microsoft Visual Studio Solution File, Format Version 12.00
# Visual Studio Version 17
VisualStudioVersion = 17.0.31903.59
MinimumVisualStudioVersion = 10.0.40219.1
Project("{FAE04EC0-301F-11D3-BF4B-00C04F79EFBC}") = "LibraryManagementSystem.App", "LibraryManagementSystem.App\LibraryManagementSystem.App.csproj", "{9448E586-51D6-4477-A55B-44BC5AB4DE9F}"
EndProject
Project("{FAE04EC0-301F-11D3-BF4B-00C04F79EFBC}") = "LibraryManagementSystem.Tests", "LibraryManagementSystem.Tests\LibraryManagementSystem.Tests.csproj", "{8C28907D-8802-4257-AB0F-1E8CB30F77D9}"
EndProject
Global
	GlobalSection(SolutionConfigurationPlatforms) = preSolution
		Debug|Any CPU = Debug|Any CPU
		Release|Any CPU = Release|Any CPU
	EndGlobalSection
	GlobalSection(SolutionProperties) = preSolution
		HideSolutionNode = FALSE
	EndGlobalSection
	GlobalSection(ProjectConfigurationPlatforms) = postSolution
		{9448E586-51D6-4477-A55B-44BC5AB4DE9F}.Debug|Any CPU.ActiveCfg = Debug|Any CPU
		{9448E586-51D6-4477-A55B-44BC5AB4DE9F}.Debug|Any CPU.Build.0 = Debug|Any CPU
		{9448E586-51D6-4477-A55B-44BC5AB4DE9F}.Release|Any CPU.ActiveCfg = Release|Any CPU
		{9448E586-51D6-4477-A55B-44BC5AB4DE9F}.Release|Any CPU.Build.0 = Release|Any CPU
		{8C28907D-8802-4257-AB0F-1E8CB30F77D9}.Debug|Any CPU.ActiveCfg = Debug|Any CPU
		{8C28907D-8802-4257-AB0F-1E8CB30F77D9}.Debug|Any CPU.Build.0 = Debug|Any CPU
		{8C28907D-8802-4257-AB0F-1E8CB30F77D9}.Release|Any CPU.ActiveCfg = Release|Any CPU
		{8C28907D-8802-4257-AB0F-1E8CB30F77D9}.Release|Any CPU.Build.0 = Release|Any CPU
	EndGlobalSection
EndGlobal
